# Generated by buf. DO NOT EDIT.
version: v1
deps:
  - remote: buf.build
    owner: envoyproxy
    repository: protoc-gen-validate
    commit: eac44469a7af47e7839a7f1f3d7ac004
    digest: shake256:0feabcde01b6b11e3c75a5e3f807968d5995626546f39c37e5d4205892b3a59cced0ed83b35a2eb9e6dddd3309660ad46b737c9dcd224b425de0a6654ce04417
  - remote: buf.build
    owner: gnostic
    repository: gnostic
    commit: 087bc8072ce44e339f213209e4d57bf0
    digest: shake256:4689c26f0460fea84c4c277c1b9c7e7d657388c5b4116d1065f907a92100ffbea87de05bbd138a0166411361e1f6ce063b4c0c6002358d39710f3c4a8de788d5
  - remote: buf.build
    owner: gogo
    repository: protobuf
    commit: 5461a3dfa9d941da82028ab185dc2a0e
    digest: shake256:37c7c75224982038cb1abf45b481ef06716c1f806ffaa162018d0df092bd11a2a9b62c2d0dc0a2ae43beff86b6014fc0eb8c594ffd84d52ade4b08fca901eadc
  - remote: buf.build
    owner: googleapis
    repository: googleapis
    commit: 28151c0d0a1641bf938a7672c500e01d
    digest: shake256:49215edf8ef57f7863004539deff8834cfb2195113f0b890dd1f67815d9353e28e668019165b9d872395871eeafcbab3ccfdb2b5f11734d3cca95be9e8d139de
  - remote: buf.build
    owner: kratos
    repository: apis
    commit: c2de25f14fa445a79a054214f31d17a8
    digest: shake256:91c024935d46f7966667c29e4fc933435959f93c3f0e675e1227c99db09905d44f8ec275b770da7659df5a6b18f4710da157b6d8ad760a4a95f60365b231e637
  - remote: buf.build
    owner: tx7do
    repository: pagination
    commit: 66a7080a8ac446d0abfb0250f17cad60
    digest: shake256:cb27e819fe006fad3688c7f6c882a65ebd1511c26301fc498d652d2d3b203d6afc46346bf6173243afc854914f256cd3ac77c2c5c18638809b2d31197873bcd1
